
Microsoft Visual Studio Solution File, Format Version 12.00
# Visual Studio Version 16
VisualStudioVersion = 16.0.29503.13
MinimumVisualStudioVersion = 10.0.40219.1
Project("{FAE04EC0-301F-11D3-BF4B-00C04F79EFBC}") = "MiniPaint", "MiniPaintWektorowo\MiniPaint.csproj", "{E01625A6-8547-44C1-8952-83CCDC1CB33A}"
EndProject
Global
	GlobalSection(SolutionConfigurationPlatforms) = preSolution
		Debug|Any CPU = Debug|Any CPU
		Release|Any CPU = Release|Any CPU
	EndGlobalSection
	GlobalSection(ProjectConfigurationPlatforms) = postSolution
		{E01625A6-8547-44C1-8952-83CCDC1CB33A}.Debug|Any CPU.ActiveCfg = Debug|Any CPU
		{E01625A6-8547-44C1-8952-83CCDC1CB33A}.Debug|Any CPU.Build.0 = Debug|Any CPU
		{E01625A6-8547-44C1-8952-83CCDC1CB33A}.Release|Any CPU.ActiveCfg = Release|Any CPU
		{E01625A6-8547-44C1-8952-83CCDC1CB33A}.Release|Any CPU.Build.0 = Release|Any CPU
	EndGlobalSection
	GlobalSection(SolutionProperties) = preSolution
		HideSolutionNode = FALSE
	EndGlobalSection
	GlobalSection(ExtensibilityGlobals) = postSolution
		SolutionGuid = {E695E2BE-9BA1-4354-AB97-CD88F959D78C}
	EndGlobalSection
EndGlobal
